
Microsoft Visual Studio Solution File, Format Version 12.00
# Visual Studio Version 16
VisualStudioVersion = 16.0.31729.503
MinimumVisualStudioVersion = 10.0.40219.1
Project("{FAE04EC0-301F-11D3-BF4B-00C04F79EFBC}") = "AccessibilityTesting.Android", "AccessibilityTesting\AccessibilityTesting.Android\AccessibilityTesting.Android.csproj", "{A22A3FEA-0D31-4AE1-B3A5-83AB6EAD1D53}"
EndProject
Project("{FAE04EC0-301F-11D3-BF4B-00C04F79EFBC}") = "AccessibilityTesting.iOS", "AccessibilityTesting\AccessibilityTesting.iOS\AccessibilityTesting.iOS.csproj", "{6CE616FE-6BBD-4084-820F-ED588936B684}"
EndProject
Project("{FAE04EC0-301F-11D3-BF4B-00C04F79EFBC}") = "AccessibilityTesting", "AccessibilityTesting\AccessibilityTesting\AccessibilityTesting.csproj", "{E28CAC08-6396-4B86-A95D-335757FA49AF}"
EndProject
Global
	GlobalSection(SolutionConfigurationPlatforms) = preSolution
		Debug|Any CPU = Debug|Any CPU
		Debug|iPhone = Debug|iPhone
		Debug|iPhoneSimulator = Debug|iPhoneSimulator
		Release|Any CPU = Release|Any CPU
		Release|iPhone = Release|iPhone
		Release|iPhoneSimulator = Release|iPhoneSimulator
	EndGlobalSection
	GlobalSection(ProjectConfigurationPlatforms) = postSolution
		{A22A3FEA-0D31-4AE1-B3A5-83AB6EAD1D53}.Debug|Any CPU.ActiveCfg = Debug|Any CPU
		{A22A3FEA-0D31-4AE1-B3A5-83AB6EAD1D53}.Debug|Any CPU.Build.0 = Debug|Any CPU
		{A22A3FEA-0D31-4AE1-B3A5-83AB6EAD1D53}.Debug|Any CPU.Deploy.0 = Debug|Any CPU
		{A22A3FEA-0D31-4AE1-B3A5-83AB6EAD1D53}.Debug|iPhone.ActiveCfg = Debug|Any CPU
		{A22A3FEA-0D31-4AE1-B3A5-83AB6EAD1D53}.Debug|iPhone.Build.0 = Debug|Any CPU
		{A22A3FEA-0D31-4AE1-B3A5-83AB6EAD1D53}.Debug|iPhone.Deploy.0 = Debug|Any CPU
		{A22A3FEA-0D31-4AE1-B3A5-83AB6EAD1D53}.Debug|iPhoneSimulator.ActiveCfg = Debug|Any CPU
		{A22A3FEA-0D31-4AE1-B3A5-83AB6EAD1D53}.Debug|iPhoneSimulator.Build.0 = Debug|Any CPU
		{A22A3FEA-0D31-4AE1-B3A5-83AB6EAD1D53}.Debug|iPhoneSimulator.Deploy.0 = Debug|Any CPU
		{A22A3FEA-0D31-4AE1-B3A5-83AB6EAD1D53}.Release|Any CPU.ActiveCfg = Release|Any CPU
		{A22A3FEA-0D31-4AE1-B3A5-83AB6EAD1D53}.Release|Any CPU.Build.0 = Release|Any CPU
		{A22A3FEA-0D31-4AE1-B3A5-83AB6EAD1D53}.Release|Any CPU.Deploy.0 = Release|Any CPU
		{A22A3FEA-0D31-4AE1-B3A5-83AB6EAD1D53}.Release|iPhone.ActiveCfg = Release|Any CPU
		{A22A3FEA-0D31-4AE1-B3A5-83AB6EAD1D53}.Release|iPhone.Build.0 = Release|Any CPU
		{A22A3FEA-0D31-4AE1-B3A5-83AB6EAD1D53}.Release|iPhone.Deploy.0 = Release|Any CPU
		{A22A3FEA-0D31-4AE1-B3A5-83AB6EAD1D53}.Release|iPhoneSimulator.ActiveCfg = Release|Any CPU
		{A22A3FEA-0D31-4AE1-B3A5-83AB6EAD1D53}.Release|iPhoneSimulator.Build.0 = Release|Any CPU
		{A22A3FEA-0D31-4AE1-B3A5-83AB6EAD1D53}.Release|iPhoneSimulator.Deploy.0 = Release|Any CPU
		{6CE616FE-6BBD-4084-820F-ED588936B684}.Debug|Any CPU.ActiveCfg = Debug|iPhone
		{6CE616FE-6BBD-4084-820F-ED588936B684}.Debug|Any CPU.Build.0 = Debug|iPhone
		{6CE616FE-6BBD-4084-820F-ED588936B684}.Debug|Any CPU.Deploy.0 = Debug|iPhone
		{6CE616FE-6BBD-4084-820F-ED588936B684}.Debug|iPhone.ActiveCfg = Debug|iPhone
		{6CE616FE-6BBD-4084-820F-ED588936B684}.Debug|iPhone.Build.0 = Debug|iPhone
		{6CE616FE-6BBD-4084-820F-ED588936B684}.Debug|iPhone.Deploy.0 = Debug|iPhone
		{6CE616FE-6BBD-4084-820F-ED588936B684}.Debug|iPhoneSimulator.ActiveCfg = Debug|iPhoneSimulator
		{6CE616FE-6BBD-4084-820F-ED588936B684}.Debug|iPhoneSimulator.Build.0 = Debug|iPhoneSimulator
		{6CE616FE-6BBD-4084-820F-ED588936B684}.Debug|iPhoneSimulator.Deploy.0 = Debug|iPhoneSimulator
		{6CE616FE-6BBD-4084-820F-ED588936B684}.Release|Any CPU.ActiveCfg = Release|iPhoneSimulator
		{6CE616FE-6BBD-4084-820F-ED588936B684}.Release|Any CPU.Build.0 = Release|iPhoneSimulator
		{6CE616FE-6BBD-4084-820F-ED588936B684}.Release|Any CPU.Deploy.0 = Release|iPhoneSimulator
		{6CE616FE-6BBD-4084-820F-ED588936B684}.Release|iPhone.ActiveCfg = Release|iPhone
		{6CE616FE-6BBD-4084-820F-ED588936B684}.Release|iPhone.Build.0 = Release|iPhone
		{6CE616FE-6BBD-4084-820F-ED588936B684}.Release|iPhone.Deploy.0 = Release|iPhone
		{6CE616FE-6BBD-4084-820F-ED588936B684}.Release|iPhoneSimulator.ActiveCfg = Release|iPhoneSimulator
		{6CE616FE-6BBD-4084-820F-ED588936B684}.Release|iPhoneSimulator.Build.0 = Release|iPhoneSimulator
		{6CE616FE-6BBD-4084-820F-ED588936B684}.Release|iPhoneSimulator.Deploy.0 = Release|iPhoneSimulator
		{E28CAC08-6396-4B86-A95D-335757FA49AF}.Debug|Any CPU.ActiveCfg = Debug|Any CPU
		{E28CAC08-6396-4B86-A95D-335757FA49AF}.Debug|Any CPU.Build.0 = Debug|Any CPU
		{E28CAC08-6396-4B86-A95D-335757FA49AF}.Debug|Any CPU.Deploy.0 = Debug|Any CPU
		{E28CAC08-6396-4B86-A95D-335757FA49AF}.Debug|iPhone.ActiveCfg = Debug|Any CPU
		{E28CAC08-6396-4B86-A95D-335757FA49AF}.Debug|iPhone.Build.0 = Debug|Any CPU
		{E28CAC08-6396-4B86-A95D-335757FA49AF}.Debug|iPhone.Deploy.0 = Debug|Any CPU
		{E28CAC08-6396-4B86-A95D-335757FA49AF}.Debug|iPhoneSimulator.ActiveCfg = Debug|Any CPU
		{E28CAC08-6396-4B86-A95D-335757FA49AF}.Debug|iPhoneSimulator.Build.0 = Debug|Any CPU
		{E28CAC08-6396-4B86-A95D-335757FA49AF}.Debug|iPhoneSimulator.Deploy.0 = Debug|Any CPU
		{E28CAC08-6396-4B86-A95D-335757FA49AF}.Release|Any CPU.ActiveCfg = Release|Any CPU
		{E28CAC08-6396-4B86-A95D-335757FA49AF}.Release|Any CPU.Build.0 = Release|Any CPU
		{E28CAC08-6396-4B86-A95D-335757FA49AF}.Release|Any CPU.Deploy.0 = Release|Any CPU
		{E28CAC08-6396-4B86-A95D-335757FA49AF}.Release|iPhone.ActiveCfg = Release|Any CPU
		{E28CAC08-6396-4B86-A95D-335757FA49AF}.Release|iPhone.Build.0 = Release|Any CPU
		{E28CAC08-6396-4B86-A95D-335757FA49AF}.Release|iPhone.Deploy.0 = Release|Any CPU
		{E28CAC08-6396-4B86-A95D-335757FA49AF}.Release|iPhoneSimulator.ActiveCfg = Release|Any CPU
		{E28CAC08-6396-4B86-A95D-335757FA49AF}.Release|iPhoneSimulator.Build.0 = Release|Any CPU
		{E28CAC08-6396-4B86-A95D-335757FA49AF}.Release|iPhoneSimulator.Deploy.0 = Release|Any CPU
	EndGlobalSection
	GlobalSection(SolutionProperties) = preSolution
		HideSolutionNode = FALSE
	EndGlobalSection
	GlobalSection(ExtensibilityGlobals) = postSolution
		SolutionGuid = {F704AB76-5BE4-4109-8427-79C1D92ADD9E}
	EndGlobalSection
EndGlobal
